
Microsoft Visual Studio Solution File, Format Version 12.00
# Visual Studio 15
VisualStudioVersion = 15.0.28010.2026
MinimumVisualStudioVersion = 10.0.40219.1
Project("{FAE04EC0-301F-11D3-BF4B-00C04F79EFBC}") = "ELP_Program_1", "ELP_Program_1\ELP_Program_1.csproj", "{8896040C-EC09-42C5-857B-4093C716F240}"
EndProject
Global
	GlobalSection(SolutionConfigurationPlatforms) = preSolution
		Debug|Any CPU = Debug|Any CPU
		Release|Any CPU = Release|Any CPU
	EndGlobalSection
	GlobalSection(ProjectConfigurationPlatforms) = postSolution
		{8896040C-EC09-42C5-857B-4093C716F240}.Debug|Any CPU.ActiveCfg = Debug|Any CPU
		{8896040C-EC09-42C5-857B-4093C716F240}.Debug|Any CPU.Build.0 = Debug|Any CPU
		{8896040C-EC09-42C5-857B-4093C716F240}.Release|Any CPU.ActiveCfg = Release|Any CPU
		{8896040C-EC09-42C5-857B-4093C716F240}.Release|Any CPU.Build.0 = Release|Any CPU
	EndGlobalSection
	GlobalSection(SolutionProperties) = preSolution
		HideSolutionNode = FALSE
	EndGlobalSection
	GlobalSection(ExtensibilityGlobals) = postSolution
		SolutionGuid = {E3EDCB8B-D213-4A5E-A66F-E73A9741133E}
	EndGlobalSection
EndGlobal
